
Microsoft Visual Studio Solution File, Format Version 12.00
# Visual Studio 14
VisualStudioVersion = 14.0.24720.0
MinimumVisualStudioVersion = 10.0.40219.1
Project("{FAE04EC0-301F-11D3-BF4B-00C04F79EFBC}") = "H1MediaPlayer", "IIO11300Vktehtavat\H1MediaPlayer\H1MediaPlayer.csproj", "{74469E55-5043-4233-99E5-31E9A99C4A6E}"
EndProject
Project("{FAE04EC0-301F-11D3-BF4B-00C04F79EFBC}") = "H3MittausData", "IIO11300Vktehtavat\H3MittausData\H3MittausData.csproj", "{8E18F019-4FFD-4202-9C73-0EA0DAE3521B}"
EndProject
Project("{FAE04EC0-301F-11D3-BF4B-00C04F79EFBC}") = "Tehtava1", "IIO11300Vktehtavat\Tehtava1\Tehtava1.csproj", "{BBFDB3F8-2232-4C51-A154-1DFFF2E75FE7}"
EndProject
Project("{FAE04EC0-301F-11D3-BF4B-00C04F79EFBC}") = "Tehtava2", "IIO11300Vktehtavat\Tehtava2\Tehtava2.csproj", "{088A1986-5099-46B3-90B9-DD688911B6BF}"
EndProject
Project("{FAE04EC0-301F-11D3-BF4B-00C04F79EFBC}") = "Tehtava3C", "IIO11300Vktehtavat\Tehtava3C\Tehtava3C.csproj", "{BBD72E48-F5A9-4D2E-A5D2-E5AC51873C0D}"
EndProject
Project("{FAE04EC0-301F-11D3-BF4B-00C04F79EFBC}") = "Tehtava4", "IIO11300Vktehtavat\Tehtava4\Tehtava4.csproj", "{0C984988-3127-4163-A316-870500A21EA2}"
EndProject
Project("{FAE04EC0-301F-11D3-BF4B-00C04F79EFBC}") = "Tehtava5", "IIO11300Vktehtavat\Tehtava5\Tehtava5.csproj", "{37C525DB-4499-46DE-908F-214A1FCDA7AB}"
EndProject
Project("{FAE04EC0-301F-11D3-BF4B-00C04F79EFBC}") = "Movies", "IIO11300Vktehtavat\Movies\Movies.csproj", "{5D90711B-E190-46FA-864C-7ED58952D65F}"
EndProject
Project("{FAE04EC0-301F-11D3-BF4B-00C04F79EFBC}") = "WineCellar", "IIO11300Vktehtavat\WineCellar\WineCellar.csproj", "{C147D3AF-28A1-42B1-9FF5-040089ED1CFC}"
EndProject
Project("{FAE04EC0-301F-11D3-BF4B-00C04F79EFBC}") = "H6DataBinding", "H6DataBinding\H6DataBinding.csproj", "{1149F5FE-E597-4718-9286-210A1681239A}"
EndProject
Project("{FAE04EC0-301F-11D3-BF4B-00C04F79EFBC}") = "Tehtava7", "Tehtava7\Tehtava7.csproj", "{554902F1-4810-43B6-8F48-AE4AE307C618}"
EndProject
Project("{FAE04EC0-301F-11D3-BF4B-00C04F79EFBC}") = "H7ADONETConsole", "IIO11300Vktehtavat\H7ADONETConsole\H7ADONETConsole.csproj", "{F10B454E-5227-4535-929A-517BF6D4B134}"
EndProject
Project("{FAE04EC0-301F-11D3-BF4B-00C04F79EFBC}") = "ADONET", "ADONET\ADONET.csproj", "{A14C9401-46FE-40CF-A64D-FD0D8949DB60}"
EndProject
Global
	GlobalSection(SolutionConfigurationPlatforms) = preSolution
		Debug|Any CPU = Debug|Any CPU
		Release|Any CPU = Release|Any CPU
	EndGlobalSection
	GlobalSection(ProjectConfigurationPlatforms) = postSolution
		{74469E55-5043-4233-99E5-31E9A99C4A6E}.Debug|Any CPU.ActiveCfg = Debug|Any CPU
		{74469E55-5043-4233-99E5-31E9A99C4A6E}.Debug|Any CPU.Build.0 = Debug|Any CPU
		{74469E55-5043-4233-99E5-31E9A99C4A6E}.Release|Any CPU.ActiveCfg = Release|Any CPU
		{74469E55-5043-4233-99E5-31E9A99C4A6E}.Release|Any CPU.Build.0 = Release|Any CPU
		{8E18F019-4FFD-4202-9C73-0EA0DAE3521B}.Debug|Any CPU.ActiveCfg = Debug|Any CPU
		{8E18F019-4FFD-4202-9C73-0EA0DAE3521B}.Debug|Any CPU.Build.0 = Debug|Any CPU
		{8E18F019-4FFD-4202-9C73-0EA0DAE3521B}.Release|Any CPU.ActiveCfg = Release|Any CPU
		{8E18F019-4FFD-4202-9C73-0EA0DAE3521B}.Release|Any CPU.Build.0 = Release|Any CPU
		{BBFDB3F8-2232-4C51-A154-1DFFF2E75FE7}.Debug|Any CPU.ActiveCfg = Debug|Any CPU
		{BBFDB3F8-2232-4C51-A154-1DFFF2E75FE7}.Debug|Any CPU.Build.0 = Debug|Any CPU
		{BBFDB3F8-2232-4C51-A154-1DFFF2E75FE7}.Release|Any CPU.ActiveCfg = Release|Any CPU
		{BBFDB3F8-2232-4C51-A154-1DFFF2E75FE7}.Release|Any CPU.Build.0 = Release|Any CPU
		{088A1986-5099-46B3-90B9-DD688911B6BF}.Debug|Any CPU.ActiveCfg = Debug|Any CPU
		{088A1986-5099-46B3-90B9-DD688911B6BF}.Debug|Any CPU.Build.0 = Debug|Any CPU
		{088A1986-5099-46B3-90B9-DD688911B6BF}.Release|Any CPU.ActiveCfg = Release|Any CPU
		{088A1986-5099-46B3-90B9-DD688911B6BF}.Release|Any CPU.Build.0 = Release|Any CPU
		{BBD72E48-F5A9-4D2E-A5D2-E5AC51873C0D}.Debug|Any CPU.ActiveCfg = Debug|Any CPU
		{BBD72E48-F5A9-4D2E-A5D2-E5AC51873C0D}.Debug|Any CPU.Build.0 = Debug|Any CPU
		{BBD72E48-F5A9-4D2E-A5D2-E5AC51873C0D}.Release|Any CPU.ActiveCfg = Release|Any CPU
		{BBD72E48-F5A9-4D2E-A5D2-E5AC51873C0D}.Release|Any CPU.Build.0 = Release|Any CPU
		{0C984988-3127-4163-A316-870500A21EA2}.Debug|Any CPU.ActiveCfg = Debug|Any CPU
		{0C984988-3127-4163-A316-870500A21EA2}.Debug|Any CPU.Build.0 = Debug|Any CPU
		{0C984988-3127-4163-A316-870500A21EA2}.Release|Any CPU.ActiveCfg = Release|Any CPU
		{0C984988-3127-4163-A316-870500A21EA2}.Release|Any CPU.Build.0 = Release|Any CPU
		{37C525DB-4499-46DE-908F-214A1FCDA7AB}.Debug|Any CPU.ActiveCfg = Debug|Any CPU
		{37C525DB-4499-46DE-908F-214A1FCDA7AB}.Debug|Any CPU.Build.0 = Debug|Any CPU
		{37C525DB-4499-46DE-908F-214A1FCDA7AB}.Release|Any CPU.ActiveCfg = Release|Any CPU
		{37C525DB-4499-46DE-908F-214A1FCDA7AB}.Release|Any CPU.Build.0 = Release|Any CPU
		{5D90711B-E190-46FA-864C-7ED58952D65F}.Debug|Any CPU.ActiveCfg = Debug|Any CPU
		{5D90711B-E190-46FA-864C-7ED58952D65F}.Debug|Any CPU.Build.0 = Debug|Any CPU
		{5D90711B-E190-46FA-864C-7ED58952D65F}.Release|Any CPU.ActiveCfg = Release|Any CPU
		{5D90711B-E190-46FA-864C-7ED58952D65F}.Release|Any CPU.Build.0 = Release|Any CPU
		{C147D3AF-28A1-42B1-9FF5-040089ED1CFC}.Debug|Any CPU.ActiveCfg = Debug|Any CPU
		{C147D3AF-28A1-42B1-9FF5-040089ED1CFC}.Debug|Any CPU.Build.0 = Debug|Any CPU
		{C147D3AF-28A1-42B1-9FF5-040089ED1CFC}.Release|Any CPU.ActiveCfg = Release|Any CPU
		{C147D3AF-28A1-42B1-9FF5-040089ED1CFC}.Release|Any CPU.Build.0 = Release|Any CPU
		{1149F5FE-E597-4718-9286-210A1681239A}.Debug|Any CPU.ActiveCfg = Debug|Any CPU
		{1149F5FE-E597-4718-9286-210A1681239A}.Debug|Any CPU.Build.0 = Debug|Any CPU
		{1149F5FE-E597-4718-9286-210A1681239A}.Release|Any CPU.ActiveCfg = Release|Any CPU
		{1149F5FE-E597-4718-9286-210A1681239A}.Release|Any CPU.Build.0 = Release|Any CPU
		{554902F1-4810-43B6-8F48-AE4AE307C618}.Debug|Any CPU.ActiveCfg = Debug|Any CPU
		{554902F1-4810-43B6-8F48-AE4AE307C618}.Debug|Any CPU.Build.0 = Debug|Any CPU
		{554902F1-4810-43B6-8F48-AE4AE307C618}.Release|Any CPU.ActiveCfg = Release|Any CPU
		{554902F1-4810-43B6-8F48-AE4AE307C618}.Release|Any CPU.Build.0 = Release|Any CPU
		{F10B454E-5227-4535-929A-517BF6D4B134}.Debug|Any CPU.ActiveCfg = Debug|Any CPU
		{F10B454E-5227-4535-929A-517BF6D4B134}.Debug|Any CPU.Build.0 = Debug|Any CPU
		{F10B454E-5227-4535-929A-517BF6D4B134}.Release|Any CPU.ActiveCfg = Release|Any CPU
		{F10B454E-5227-4535-929A-517BF6D4B134}.Release|Any CPU.Build.0 = Release|Any CPU
		{A14C9401-46FE-40CF-A64D-FD0D8949DB60}.Debug|Any CPU.ActiveCfg = Debug|Any CPU
		{A14C9401-46FE-40CF-A64D-FD0D8949DB60}.Debug|Any CPU.Build.0 = Debug|Any CPU
		{A14C9401-46FE-40CF-A64D-FD0D8949DB60}.Release|Any CPU.ActiveCfg = Release|Any CPU
		{A14C9401-46FE-40CF-A64D-FD0D8949DB60}.Release|Any CPU.Build.0 = Release|Any CPU
	EndGlobalSection
	GlobalSection(SolutionProperties) = preSolution
		HideSolutionNode = FALSE
	EndGlobalSection
EndGlobal
